
Microsoft Visual Studio Solution File, Format Version 12.00
# Visual Studio Version 16
VisualStudioVersion = 16.0.29920.165
MinimumVisualStudioVersion = 10.0.40219.1
Project("{FAE04EC0-301F-11D3-BF4B-00C04F79EFBC}") = "MyAgencyProject", "MyAgencyProject\MyAgencyProject.csproj", "{FFFCD9C8-5316-4063-B19A-EF19CC4E704A}"
EndProject
Project("{FAE04EC0-301F-11D3-BF4B-00C04F79EFBC}") = "AgencyVehicleManegmant", "AgencyVehicleManegmant\AgencyVehicleManegmant.csproj", "{791864ED-E3CB-4AFB-A843-2B03FB651613}"
EndProject
Global
	GlobalSection(SolutionConfigurationPlatforms) = preSolution
		Debug|Any CPU = Debug|Any CPU
		Release|Any CPU = Release|Any CPU
	EndGlobalSection
	GlobalSection(ProjectConfigurationPlatforms) = postSolution
		{FFFCD9C8-5316-4063-B19A-EF19CC4E704A}.Debug|Any CPU.ActiveCfg = Debug|Any CPU
		{FFFCD9C8-5316-4063-B19A-EF19CC4E704A}.Debug|Any CPU.Build.0 = Debug|Any CPU
		{FFFCD9C8-5316-4063-B19A-EF19CC4E704A}.Release|Any CPU.ActiveCfg = Release|Any CPU
		{FFFCD9C8-5316-4063-B19A-EF19CC4E704A}.Release|Any CPU.Build.0 = Release|Any CPU
		{791864ED-E3CB-4AFB-A843-2B03FB651613}.Debug|Any CPU.ActiveCfg = Debug|Any CPU
		{791864ED-E3CB-4AFB-A843-2B03FB651613}.Debug|Any CPU.Build.0 = Debug|Any CPU
		{791864ED-E3CB-4AFB-A843-2B03FB651613}.Release|Any CPU.ActiveCfg = Release|Any CPU
		{791864ED-E3CB-4AFB-A843-2B03FB651613}.Release|Any CPU.Build.0 = Release|Any CPU
	EndGlobalSection
	GlobalSection(SolutionProperties) = preSolution
		HideSolutionNode = FALSE
	EndGlobalSection
	GlobalSection(ExtensibilityGlobals) = postSolution
		SolutionGuid = {2E212467-C95C-474B-A61E-8225ADC141F2}
	EndGlobalSection
EndGlobal
